
Microsoft Visual Studio Solution File, Format Version 12.00
# Visual Studio Version 16
VisualStudioVersion = 16.0.31112.23
MinimumVisualStudioVersion = 10.0.40219.1
Project("{FAE04EC0-301F-11D3-BF4B-00C04F79EFBC}") = "AplicacaoDeTransferenciaBancaria", "AplicacaoDeTransferenciaBancaria.csproj", "{ECAF4A5D-B175-45BD-B97A-66B9E84FC8FE}"
EndProject
Global
	GlobalSection(SolutionConfigurationPlatforms) = preSolution
		Debug|Any CPU = Debug|Any CPU
		Release|Any CPU = Release|Any CPU
	EndGlobalSection
	GlobalSection(ProjectConfigurationPlatforms) = postSolution
		{ECAF4A5D-B175-45BD-B97A-66B9E84FC8FE}.Debug|Any CPU.ActiveCfg = Debug|Any CPU
		{ECAF4A5D-B175-45BD-B97A-66B9E84FC8FE}.Debug|Any CPU.Build.0 = Debug|Any CPU
		{ECAF4A5D-B175-45BD-B97A-66B9E84FC8FE}.Release|Any CPU.ActiveCfg = Release|Any CPU
		{ECAF4A5D-B175-45BD-B97A-66B9E84FC8FE}.Release|Any CPU.Build.0 = Release|Any CPU
	EndGlobalSection
	GlobalSection(SolutionProperties) = preSolution
		HideSolutionNode = FALSE
	EndGlobalSection
	GlobalSection(ExtensibilityGlobals) = postSolution
		SolutionGuid = {14795B0D-B42E-4FE4-8AD2-FB13BC20F396}
	EndGlobalSection
EndGlobal
